
Microsoft Visual Studio Solution File, Format Version 12.00
# Visual Studio Version 17
VisualStudioVersion = 17.10.35027.167
MinimumVisualStudioVersion = 10.0.40219.1
Project("{9A19103F-16F7-4668-BE54-9A1E7A4F7556}") = "depth first search PathFinding", "AStar PathFinding\depth first search PathFinding.csproj", "{17531AC3-EFA8-4792-AAB0-1A61606F2AA5}"
EndProject
Global
	GlobalSection(SolutionConfigurationPlatforms) = preSolution
		Debug|Any CPU = Debug|Any CPU
		Release|Any CPU = Release|Any CPU
	EndGlobalSection
	GlobalSection(ProjectConfigurationPlatforms) = postSolution
		{17531AC3-EFA8-4792-AAB0-1A61606F2AA5}.Debug|Any CPU.ActiveCfg = Debug|Any CPU
		{17531AC3-EFA8-4792-AAB0-1A61606F2AA5}.Debug|Any CPU.Build.0 = Debug|Any CPU
		{17531AC3-EFA8-4792-AAB0-1A61606F2AA5}.Release|Any CPU.ActiveCfg = Release|Any CPU
		{17531AC3-EFA8-4792-AAB0-1A61606F2AA5}.Release|Any CPU.Build.0 = Release|Any CPU
	EndGlobalSection
	GlobalSection(SolutionProperties) = preSolution
		HideSolutionNode = FALSE
	EndGlobalSection
	GlobalSection(ExtensibilityGlobals) = postSolution
		SolutionGuid = {D7195383-13E3-485B-A846-40433BB9B62B}
	EndGlobalSection
EndGlobal
